
Microsoft Visual Studio Solution File, Format Version 12.00
# Visual Studio 14
VisualStudioVersion = 14.0.24720.0
MinimumVisualStudioVersion = 10.0.40219.1
Project("{2150E333-8FDC-42A3-9474-1A3956D46DE8}") = "Tests", "Tests", "{D695A10C-28E7-4353-8C0E-C928B447DE84}"
EndProject
Project("{FAE04EC0-301F-11D3-BF4B-00C04F79EFBC}") = "SwitchLink.CoreNode", "SwitchLink.CoreNode\SwitchLink.CoreNode.csproj", "{A86B9664-80C0-4CD9-8741-1E05E77E9955}"
EndProject
Project("{2150E333-8FDC-42A3-9474-1A3956D46DE8}") = "Framework", "Framework", "{CDB7A52C-487E-48D4-A4EC-D4FB9656D6CD}"
EndProject
Project("{FAE04EC0-301F-11D3-BF4B-00C04F79EFBC}") = "SwitchLink.HostNode", "SwitchLink.HostNode\SwitchLink.HostNode.csproj", "{2DC40721-1044-4F16-9661-0CACDF589982}"
EndProject
Project("{FAE04EC0-301F-11D3-BF4B-00C04F79EFBC}") = "SwitchLink.TritonNode", "SwitchLink.Triton\SwitchLink.TritonNode.csproj", "{6C7D6C48-A86E-48A4-9DC1-822999DE2A86}"
EndProject
Project("{FAE04EC0-301F-11D3-BF4B-00C04F79EFBC}") = "BankSimulator", "Tests\BankSimulator\BankSimulator.csproj", "{CA56751D-461E-403B-99A2-7CEF7AB2E1A2}"
EndProject
Project("{FAE04EC0-301F-11D3-BF4B-00C04F79EFBC}") = "AtmSocketClient", "Tests\SocketClient\AtmSocketClient.csproj", "{D802D9BD-4F2A-47B9-B848-B4C1D485FFF9}"
EndProject
Project("{FAE04EC0-301F-11D3-BF4B-00C04F79EFBC}") = "UnitTest", "Tests\UnitTest\UnitTest.csproj", "{DB8FC1E3-50DD-40C2-95BB-11345EDE3F82}"
EndProject
Project("{FAE04EC0-301F-11D3-BF4B-00C04F79EFBC}") = "SwitchLink.Comm.Interfaces", "Framework\SwitchLink.Comm.Interfaces\SwitchLink.Comm.Interfaces.csproj", "{C4BBA09F-EEC9-46F3-8349-D1D81E7D27A4}"
EndProject
Project("{FAE04EC0-301F-11D3-BF4B-00C04F79EFBC}") = "Scs", "Framework\Scs\Scs.csproj", "{0DC81B09-3ABF-4BB3-8C08-4E8EE4432BDC}"
EndProject
Project("{FAE04EC0-301F-11D3-BF4B-00C04F79EFBC}") = "SwitchLink.ProtocalFactory", "Framework\SwitchLink.ProtocalFactory\SwitchLink.ProtocalFactory.csproj", "{932ED16A-81CF-4576-B3B9-0231384B0456}"
EndProject
Project("{FAE04EC0-301F-11D3-BF4B-00C04F79EFBC}") = "SwitchLink.Cryptography", "SwitchLink.Cryptography\SwitchLink.Cryptography.csproj", "{55F7EF1C-AE2A-46E1-AB42-35DF52DE00BF}"
EndProject
Project("{FAE04EC0-301F-11D3-BF4B-00C04F79EFBC}") = "SwitchLink.Data", "SwitchLink.Data\SwitchLink.Data.csproj", "{982D2D69-CC7E-4FDA-B98F-FA6A81959B83}"
EndProject
Project("{FAE04EC0-301F-11D3-BF4B-00C04F79EFBC}") = "Switchlink.Diagnostics", "Switchlink.Diagnostics\Switchlink.Diagnostics.csproj", "{7C938397-2D31-4EBE-A3B6-5172B2E79FD8}"
EndProject
Project("{FAE04EC0-301F-11D3-BF4B-00C04F79EFBC}") = "AtmSimulatorWinForm", "Tests\AtmSimulator\AtmSimulatorWinForm.csproj", "{33433161-AF31-44E0-BC8A-AAE32F007FC4}"
EndProject
Project("{FAE04EC0-301F-11D3-BF4B-00C04F79EFBC}") = "AtmSimulatorConsApp", "Tests\AtmSimulatorConsApp\AtmSimulatorConsApp.csproj", "{FFB1CE4C-94C5-46BC-A920-3EACEC43B70B}"
EndProject
Global
	GlobalSection(SolutionConfigurationPlatforms) = preSolution
		CD_ROM|Any CPU = CD_ROM|Any CPU
		Debug|Any CPU = Debug|Any CPU
		DVD-5|Any CPU = DVD-5|Any CPU
		Release|Any CPU = Release|Any CPU
		SingleImage|Any CPU = SingleImage|Any CPU
	EndGlobalSection
	GlobalSection(ProjectConfigurationPlatforms) = postSolution
		{A86B9664-80C0-4CD9-8741-1E05E77E9955}.CD_ROM|Any CPU.ActiveCfg = Release|Any CPU
		{A86B9664-80C0-4CD9-8741-1E05E77E9955}.CD_ROM|Any CPU.Build.0 = Release|Any CPU
		{A86B9664-80C0-4CD9-8741-1E05E77E9955}.Debug|Any CPU.ActiveCfg = Debug|Any CPU
		{A86B9664-80C0-4CD9-8741-1E05E77E9955}.Debug|Any CPU.Build.0 = Debug|Any CPU
		{A86B9664-80C0-4CD9-8741-1E05E77E9955}.DVD-5|Any CPU.ActiveCfg = Debug|Any CPU
		{A86B9664-80C0-4CD9-8741-1E05E77E9955}.DVD-5|Any CPU.Build.0 = Debug|Any CPU
		{A86B9664-80C0-4CD9-8741-1E05E77E9955}.Release|Any CPU.ActiveCfg = Release|Any CPU
		{A86B9664-80C0-4CD9-8741-1E05E77E9955}.Release|Any CPU.Build.0 = Release|Any CPU
		{A86B9664-80C0-4CD9-8741-1E05E77E9955}.SingleImage|Any CPU.ActiveCfg = Release|Any CPU
		{A86B9664-80C0-4CD9-8741-1E05E77E9955}.SingleImage|Any CPU.Build.0 = Release|Any CPU
		{2DC40721-1044-4F16-9661-0CACDF589982}.CD_ROM|Any CPU.ActiveCfg = Release|Any CPU
		{2DC40721-1044-4F16-9661-0CACDF589982}.CD_ROM|Any CPU.Build.0 = Release|Any CPU
		{2DC40721-1044-4F16-9661-0CACDF589982}.Debug|Any CPU.ActiveCfg = Debug|Any CPU
		{2DC40721-1044-4F16-9661-0CACDF589982}.Debug|Any CPU.Build.0 = Debug|Any CPU
		{2DC40721-1044-4F16-9661-0CACDF589982}.DVD-5|Any CPU.ActiveCfg = Debug|Any CPU
		{2DC40721-1044-4F16-9661-0CACDF589982}.DVD-5|Any CPU.Build.0 = Debug|Any CPU
		{2DC40721-1044-4F16-9661-0CACDF589982}.Release|Any CPU.ActiveCfg = Release|Any CPU
		{2DC40721-1044-4F16-9661-0CACDF589982}.Release|Any CPU.Build.0 = Release|Any CPU
		{2DC40721-1044-4F16-9661-0CACDF589982}.SingleImage|Any CPU.ActiveCfg = Release|Any CPU
		{2DC40721-1044-4F16-9661-0CACDF589982}.SingleImage|Any CPU.Build.0 = Release|Any CPU
		{6C7D6C48-A86E-48A4-9DC1-822999DE2A86}.CD_ROM|Any CPU.ActiveCfg = Release|Any CPU
		{6C7D6C48-A86E-48A4-9DC1-822999DE2A86}.CD_ROM|Any CPU.Build.0 = Release|Any CPU
		{6C7D6C48-A86E-48A4-9DC1-822999DE2A86}.Debug|Any CPU.ActiveCfg = Debug|Any CPU
		{6C7D6C48-A86E-48A4-9DC1-822999DE2A86}.Debug|Any CPU.Build.0 = Debug|Any CPU
		{6C7D6C48-A86E-48A4-9DC1-822999DE2A86}.DVD-5|Any CPU.ActiveCfg = Debug|Any CPU
		{6C7D6C48-A86E-48A4-9DC1-822999DE2A86}.DVD-5|Any CPU.Build.0 = Debug|Any CPU
		{6C7D6C48-A86E-48A4-9DC1-822999DE2A86}.Release|Any CPU.ActiveCfg = Release|Any CPU
		{6C7D6C48-A86E-48A4-9DC1-822999DE2A86}.Release|Any CPU.Build.0 = Release|Any CPU
		{6C7D6C48-A86E-48A4-9DC1-822999DE2A86}.SingleImage|Any CPU.ActiveCfg = Release|Any CPU
		{6C7D6C48-A86E-48A4-9DC1-822999DE2A86}.SingleImage|Any CPU.Build.0 = Release|Any CPU
		{CA56751D-461E-403B-99A2-7CEF7AB2E1A2}.CD_ROM|Any CPU.ActiveCfg = Release|Any CPU
		{CA56751D-461E-403B-99A2-7CEF7AB2E1A2}.CD_ROM|Any CPU.Build.0 = Release|Any CPU
		{CA56751D-461E-403B-99A2-7CEF7AB2E1A2}.Debug|Any CPU.ActiveCfg = Debug|Any CPU
		{CA56751D-461E-403B-99A2-7CEF7AB2E1A2}.Debug|Any CPU.Build.0 = Debug|Any CPU
		{CA56751D-461E-403B-99A2-7CEF7AB2E1A2}.DVD-5|Any CPU.ActiveCfg = Debug|Any CPU
		{CA56751D-461E-403B-99A2-7CEF7AB2E1A2}.DVD-5|Any CPU.Build.0 = Debug|Any CPU
		{CA56751D-461E-403B-99A2-7CEF7AB2E1A2}.Release|Any CPU.ActiveCfg = Release|Any CPU
		{CA56751D-461E-403B-99A2-7CEF7AB2E1A2}.Release|Any CPU.Build.0 = Release|Any CPU
		{CA56751D-461E-403B-99A2-7CEF7AB2E1A2}.SingleImage|Any CPU.ActiveCfg = Release|Any CPU
		{CA56751D-461E-403B-99A2-7CEF7AB2E1A2}.SingleImage|Any CPU.Build.0 = Release|Any CPU
		{D802D9BD-4F2A-47B9-B848-B4C1D485FFF9}.CD_ROM|Any CPU.ActiveCfg = Release|Any CPU
		{D802D9BD-4F2A-47B9-B848-B4C1D485FFF9}.CD_ROM|Any CPU.Build.0 = Release|Any CPU
		{D802D9BD-4F2A-47B9-B848-B4C1D485FFF9}.Debug|Any CPU.ActiveCfg = Debug|Any CPU
		{D802D9BD-4F2A-47B9-B848-B4C1D485FFF9}.Debug|Any CPU.Build.0 = Debug|Any CPU
		{D802D9BD-4F2A-47B9-B848-B4C1D485FFF9}.DVD-5|Any CPU.ActiveCfg = Debug|Any CPU
		{D802D9BD-4F2A-47B9-B848-B4C1D485FFF9}.DVD-5|Any CPU.Build.0 = Debug|Any CPU
		{D802D9BD-4F2A-47B9-B848-B4C1D485FFF9}.Release|Any CPU.ActiveCfg = Release|Any CPU
		{D802D9BD-4F2A-47B9-B848-B4C1D485FFF9}.Release|Any CPU.Build.0 = Release|Any CPU
		{D802D9BD-4F2A-47B9-B848-B4C1D485FFF9}.SingleImage|Any CPU.ActiveCfg = Release|Any CPU
		{D802D9BD-4F2A-47B9-B848-B4C1D485FFF9}.SingleImage|Any CPU.Build.0 = Release|Any CPU
		{DB8FC1E3-50DD-40C2-95BB-11345EDE3F82}.CD_ROM|Any CPU.ActiveCfg = Release|Any CPU
		{DB8FC1E3-50DD-40C2-95BB-11345EDE3F82}.CD_ROM|Any CPU.Build.0 = Release|Any CPU
		{DB8FC1E3-50DD-40C2-95BB-11345EDE3F82}.Debug|Any CPU.ActiveCfg = Debug|Any CPU
		{DB8FC1E3-50DD-40C2-95BB-11345EDE3F82}.Debug|Any CPU.Build.0 = Debug|Any CPU
		{DB8FC1E3-50DD-40C2-95BB-11345EDE3F82}.DVD-5|Any CPU.ActiveCfg = Debug|Any CPU
		{DB8FC1E3-50DD-40C2-95BB-11345EDE3F82}.DVD-5|Any CPU.Build.0 = Debug|Any CPU
		{DB8FC1E3-50DD-40C2-95BB-11345EDE3F82}.Release|Any CPU.ActiveCfg = Release|Any CPU
		{DB8FC1E3-50DD-40C2-95BB-11345EDE3F82}.Release|Any CPU.Build.0 = Release|Any CPU
		{DB8FC1E3-50DD-40C2-95BB-11345EDE3F82}.SingleImage|Any CPU.ActiveCfg = Release|Any CPU
		{DB8FC1E3-50DD-40C2-95BB-11345EDE3F82}.SingleImage|Any CPU.Build.0 = Release|Any CPU
		{C4BBA09F-EEC9-46F3-8349-D1D81E7D27A4}.CD_ROM|Any CPU.ActiveCfg = Release|Any CPU
		{C4BBA09F-EEC9-46F3-8349-D1D81E7D27A4}.CD_ROM|Any CPU.Build.0 = Release|Any CPU
		{C4BBA09F-EEC9-46F3-8349-D1D81E7D27A4}.Debug|Any CPU.ActiveCfg = Debug|Any CPU
		{C4BBA09F-EEC9-46F3-8349-D1D81E7D27A4}.Debug|Any CPU.Build.0 = Debug|Any CPU
		{C4BBA09F-EEC9-46F3-8349-D1D81E7D27A4}.DVD-5|Any CPU.ActiveCfg = Debug|Any CPU
		{C4BBA09F-EEC9-46F3-8349-D1D81E7D27A4}.DVD-5|Any CPU.Build.0 = Debug|Any CPU
		{C4BBA09F-EEC9-46F3-8349-D1D81E7D27A4}.Release|Any CPU.ActiveCfg = Release|Any CPU
		{C4BBA09F-EEC9-46F3-8349-D1D81E7D27A4}.Release|Any CPU.Build.0 = Release|Any CPU
		{C4BBA09F-EEC9-46F3-8349-D1D81E7D27A4}.SingleImage|Any CPU.ActiveCfg = Release|Any CPU
		{C4BBA09F-EEC9-46F3-8349-D1D81E7D27A4}.SingleImage|Any CPU.Build.0 = Release|Any CPU
		{0DC81B09-3ABF-4BB3-8C08-4E8EE4432BDC}.CD_ROM|Any CPU.ActiveCfg = Release|Any CPU
		{0DC81B09-3ABF-4BB3-8C08-4E8EE4432BDC}.CD_ROM|Any CPU.Build.0 = Release|Any CPU
		{0DC81B09-3ABF-4BB3-8C08-4E8EE4432BDC}.Debug|Any CPU.ActiveCfg = Debug|Any CPU
		{0DC81B09-3ABF-4BB3-8C08-4E8EE4432BDC}.Debug|Any CPU.Build.0 = Debug|Any CPU
		{0DC81B09-3ABF-4BB3-8C08-4E8EE4432BDC}.DVD-5|Any CPU.ActiveCfg = Debug|Any CPU
		{0DC81B09-3ABF-4BB3-8C08-4E8EE4432BDC}.DVD-5|Any CPU.Build.0 = Debug|Any CPU
		{0DC81B09-3ABF-4BB3-8C08-4E8EE4432BDC}.Release|Any CPU.ActiveCfg = Release|Any CPU
		{0DC81B09-3ABF-4BB3-8C08-4E8EE4432BDC}.Release|Any CPU.Build.0 = Release|Any CPU
		{0DC81B09-3ABF-4BB3-8C08-4E8EE4432BDC}.SingleImage|Any CPU.ActiveCfg = Release|Any CPU
		{0DC81B09-3ABF-4BB3-8C08-4E8EE4432BDC}.SingleImage|Any CPU.Build.0 = Release|Any CPU
		{932ED16A-81CF-4576-B3B9-0231384B0456}.CD_ROM|Any CPU.ActiveCfg = Release|Any CPU
		{932ED16A-81CF-4576-B3B9-0231384B0456}.CD_ROM|Any CPU.Build.0 = Release|Any CPU
		{932ED16A-81CF-4576-B3B9-0231384B0456}.Debug|Any CPU.ActiveCfg = Debug|Any CPU
		{932ED16A-81CF-4576-B3B9-0231384B0456}.Debug|Any CPU.Build.0 = Debug|Any CPU
		{932ED16A-81CF-4576-B3B9-0231384B0456}.DVD-5|Any CPU.ActiveCfg = Debug|Any CPU
		{932ED16A-81CF-4576-B3B9-0231384B0456}.DVD-5|Any CPU.Build.0 = Debug|Any CPU
		{932ED16A-81CF-4576-B3B9-0231384B0456}.Release|Any CPU.ActiveCfg = Release|Any CPU
		{932ED16A-81CF-4576-B3B9-0231384B0456}.Release|Any CPU.Build.0 = Release|Any CPU
		{932ED16A-81CF-4576-B3B9-0231384B0456}.SingleImage|Any CPU.ActiveCfg = Release|Any CPU
		{932ED16A-81CF-4576-B3B9-0231384B0456}.SingleImage|Any CPU.Build.0 = Release|Any CPU
		{55F7EF1C-AE2A-46E1-AB42-35DF52DE00BF}.CD_ROM|Any CPU.ActiveCfg = Release|Any CPU
		{55F7EF1C-AE2A-46E1-AB42-35DF52DE00BF}.CD_ROM|Any CPU.Build.0 = Release|Any CPU
		{55F7EF1C-AE2A-46E1-AB42-35DF52DE00BF}.Debug|Any CPU.ActiveCfg = Debug|Any CPU
		{55F7EF1C-AE2A-46E1-AB42-35DF52DE00BF}.Debug|Any CPU.Build.0 = Debug|Any CPU
		{55F7EF1C-AE2A-46E1-AB42-35DF52DE00BF}.DVD-5|Any CPU.ActiveCfg = Debug|Any CPU
		{55F7EF1C-AE2A-46E1-AB42-35DF52DE00BF}.DVD-5|Any CPU.Build.0 = Debug|Any CPU
		{55F7EF1C-AE2A-46E1-AB42-35DF52DE00BF}.Release|Any CPU.ActiveCfg = Release|Any CPU
		{55F7EF1C-AE2A-46E1-AB42-35DF52DE00BF}.Release|Any CPU.Build.0 = Release|Any CPU
		{55F7EF1C-AE2A-46E1-AB42-35DF52DE00BF}.SingleImage|Any CPU.ActiveCfg = Release|Any CPU
		{55F7EF1C-AE2A-46E1-AB42-35DF52DE00BF}.SingleImage|Any CPU.Build.0 = Release|Any CPU
		{982D2D69-CC7E-4FDA-B98F-FA6A81959B83}.CD_ROM|Any CPU.ActiveCfg = Release|Any CPU
		{982D2D69-CC7E-4FDA-B98F-FA6A81959B83}.CD_ROM|Any CPU.Build.0 = Release|Any CPU
		{982D2D69-CC7E-4FDA-B98F-FA6A81959B83}.Debug|Any CPU.ActiveCfg = Debug|Any CPU
		{982D2D69-CC7E-4FDA-B98F-FA6A81959B83}.Debug|Any CPU.Build.0 = Debug|Any CPU
		{982D2D69-CC7E-4FDA-B98F-FA6A81959B83}.DVD-5|Any CPU.ActiveCfg = Debug|Any CPU
		{982D2D69-CC7E-4FDA-B98F-FA6A81959B83}.DVD-5|Any CPU.Build.0 = Debug|Any CPU
		{982D2D69-CC7E-4FDA-B98F-FA6A81959B83}.Release|Any CPU.ActiveCfg = Release|Any CPU
		{982D2D69-CC7E-4FDA-B98F-FA6A81959B83}.Release|Any CPU.Build.0 = Release|Any CPU
		{982D2D69-CC7E-4FDA-B98F-FA6A81959B83}.SingleImage|Any CPU.ActiveCfg = Release|Any CPU
		{982D2D69-CC7E-4FDA-B98F-FA6A81959B83}.SingleImage|Any CPU.Build.0 = Release|Any CPU
		{7C938397-2D31-4EBE-A3B6-5172B2E79FD8}.CD_ROM|Any CPU.ActiveCfg = Release|Any CPU
		{7C938397-2D31-4EBE-A3B6-5172B2E79FD8}.CD_ROM|Any CPU.Build.0 = Release|Any CPU
		{7C938397-2D31-4EBE-A3B6-5172B2E79FD8}.Debug|Any CPU.ActiveCfg = Debug|Any CPU
		{7C938397-2D31-4EBE-A3B6-5172B2E79FD8}.Debug|Any CPU.Build.0 = Debug|Any CPU
		{7C938397-2D31-4EBE-A3B6-5172B2E79FD8}.DVD-5|Any CPU.ActiveCfg = Debug|Any CPU
		{7C938397-2D31-4EBE-A3B6-5172B2E79FD8}.DVD-5|Any CPU.Build.0 = Debug|Any CPU
		{7C938397-2D31-4EBE-A3B6-5172B2E79FD8}.Release|Any CPU.ActiveCfg = Release|Any CPU
		{7C938397-2D31-4EBE-A3B6-5172B2E79FD8}.Release|Any CPU.Build.0 = Release|Any CPU
		{7C938397-2D31-4EBE-A3B6-5172B2E79FD8}.SingleImage|Any CPU.ActiveCfg = Release|Any CPU
		{7C938397-2D31-4EBE-A3B6-5172B2E79FD8}.SingleImage|Any CPU.Build.0 = Release|Any CPU
		{33433161-AF31-44E0-BC8A-AAE32F007FC4}.CD_ROM|Any CPU.ActiveCfg = Release|Any CPU
		{33433161-AF31-44E0-BC8A-AAE32F007FC4}.CD_ROM|Any CPU.Build.0 = Release|Any CPU
		{33433161-AF31-44E0-BC8A-AAE32F007FC4}.Debug|Any CPU.ActiveCfg = Debug|Any CPU
		{33433161-AF31-44E0-BC8A-AAE32F007FC4}.Debug|Any CPU.Build.0 = Debug|Any CPU
		{33433161-AF31-44E0-BC8A-AAE32F007FC4}.DVD-5|Any CPU.ActiveCfg = Debug|Any CPU
		{33433161-AF31-44E0-BC8A-AAE32F007FC4}.DVD-5|Any CPU.Build.0 = Debug|Any CPU
		{33433161-AF31-44E0-BC8A-AAE32F007FC4}.Release|Any CPU.ActiveCfg = Release|Any CPU
		{33433161-AF31-44E0-BC8A-AAE32F007FC4}.Release|Any CPU.Build.0 = Release|Any CPU
		{33433161-AF31-44E0-BC8A-AAE32F007FC4}.SingleImage|Any CPU.ActiveCfg = Release|Any CPU
		{33433161-AF31-44E0-BC8A-AAE32F007FC4}.SingleImage|Any CPU.Build.0 = Release|Any CPU
		{FFB1CE4C-94C5-46BC-A920-3EACEC43B70B}.CD_ROM|Any CPU.ActiveCfg = Release|Any CPU
		{FFB1CE4C-94C5-46BC-A920-3EACEC43B70B}.CD_ROM|Any CPU.Build.0 = Release|Any CPU
		{FFB1CE4C-94C5-46BC-A920-3EACEC43B70B}.Debug|Any CPU.ActiveCfg = Debug|Any CPU
		{FFB1CE4C-94C5-46BC-A920-3EACEC43B70B}.Debug|Any CPU.Build.0 = Debug|Any CPU
		{FFB1CE4C-94C5-46BC-A920-3EACEC43B70B}.DVD-5|Any CPU.ActiveCfg = Debug|Any CPU
		{FFB1CE4C-94C5-46BC-A920-3EACEC43B70B}.DVD-5|Any CPU.Build.0 = Debug|Any CPU
		{FFB1CE4C-94C5-46BC-A920-3EACEC43B70B}.Release|Any CPU.ActiveCfg = Release|Any CPU
		{FFB1CE4C-94C5-46BC-A920-3EACEC43B70B}.Release|Any CPU.Build.0 = Release|Any CPU
		{FFB1CE4C-94C5-46BC-A920-3EACEC43B70B}.SingleImage|Any CPU.ActiveCfg = Release|Any CPU
		{FFB1CE4C-94C5-46BC-A920-3EACEC43B70B}.SingleImage|Any CPU.Build.0 = Release|Any CPU
	EndGlobalSection
	GlobalSection(SolutionProperties) = preSolution
		HideSolutionNode = FALSE
	EndGlobalSection
	GlobalSection(NestedProjects) = preSolution
		{CA56751D-461E-403B-99A2-7CEF7AB2E1A2} = {D695A10C-28E7-4353-8C0E-C928B447DE84}
		{D802D9BD-4F2A-47B9-B848-B4C1D485FFF9} = {D695A10C-28E7-4353-8C0E-C928B447DE84}
		{DB8FC1E3-50DD-40C2-95BB-11345EDE3F82} = {D695A10C-28E7-4353-8C0E-C928B447DE84}
		{C4BBA09F-EEC9-46F3-8349-D1D81E7D27A4} = {CDB7A52C-487E-48D4-A4EC-D4FB9656D6CD}
		{0DC81B09-3ABF-4BB3-8C08-4E8EE4432BDC} = {CDB7A52C-487E-48D4-A4EC-D4FB9656D6CD}
		{932ED16A-81CF-4576-B3B9-0231384B0456} = {CDB7A52C-487E-48D4-A4EC-D4FB9656D6CD}
		{55F7EF1C-AE2A-46E1-AB42-35DF52DE00BF} = {CDB7A52C-487E-48D4-A4EC-D4FB9656D6CD}
		{982D2D69-CC7E-4FDA-B98F-FA6A81959B83} = {CDB7A52C-487E-48D4-A4EC-D4FB9656D6CD}
		{7C938397-2D31-4EBE-A3B6-5172B2E79FD8} = {CDB7A52C-487E-48D4-A4EC-D4FB9656D6CD}
		{33433161-AF31-44E0-BC8A-AAE32F007FC4} = {D695A10C-28E7-4353-8C0E-C928B447DE84}
		{FFB1CE4C-94C5-46BC-A920-3EACEC43B70B} = {D695A10C-28E7-4353-8C0E-C928B447DE84}
	EndGlobalSection
EndGlobal
